
Microsoft Visual Studio Solution File, Format Version 12.00
# Visual Studio Version 16
VisualStudioVersion = 16.0.31410.357
MinimumVisualStudioVersion = 10.0.40219.1
Project("{FAE04EC0-301F-11D3-BF4B-00C04F79EFBC}") = "AreaFigure", "AreaFigure\AreaFigure.csproj", "{0C6BC071-9E63-4715-92E1-B0493BF1AB76}"
EndProject
Project("{FAE04EC0-301F-11D3-BF4B-00C04F79EFBC}") = "UnitTestProject1", "UnitTestProject1\UnitTestProject1.csproj", "{E5200FC5-292D-4C69-8D09-F4F74F8F09BC}"
EndProject
Project("{2150E333-8FDC-42A3-9474-1A3956D46DE8}") = "Solution Items", "Solution Items", "{56077BBB-7A86-48BD-943A-BE842BEE1D55}"
	ProjectSection(SolutionItems) = preProject
		SQLquery.txt = SQLquery.txt
	EndProjectSection
EndProject
Global
	GlobalSection(SolutionConfigurationPlatforms) = preSolution
		Debug|Any CPU = Debug|Any CPU
		Release|Any CPU = Release|Any CPU
	EndGlobalSection
	GlobalSection(ProjectConfigurationPlatforms) = postSolution
		{0C6BC071-9E63-4715-92E1-B0493BF1AB76}.Debug|Any CPU.ActiveCfg = Debug|Any CPU
		{0C6BC071-9E63-4715-92E1-B0493BF1AB76}.Debug|Any CPU.Build.0 = Debug|Any CPU
		{0C6BC071-9E63-4715-92E1-B0493BF1AB76}.Release|Any CPU.ActiveCfg = Release|Any CPU
		{0C6BC071-9E63-4715-92E1-B0493BF1AB76}.Release|Any CPU.Build.0 = Release|Any CPU
		{E5200FC5-292D-4C69-8D09-F4F74F8F09BC}.Debug|Any CPU.ActiveCfg = Debug|Any CPU
		{E5200FC5-292D-4C69-8D09-F4F74F8F09BC}.Debug|Any CPU.Build.0 = Debug|Any CPU
		{E5200FC5-292D-4C69-8D09-F4F74F8F09BC}.Release|Any CPU.ActiveCfg = Release|Any CPU
		{E5200FC5-292D-4C69-8D09-F4F74F8F09BC}.Release|Any CPU.Build.0 = Release|Any CPU
	EndGlobalSection
	GlobalSection(SolutionProperties) = preSolution
		HideSolutionNode = FALSE
	EndGlobalSection
	GlobalSection(ExtensibilityGlobals) = postSolution
		SolutionGuid = {8BD451E1-0985-4B43-9A0F-C5BEF67E7F2A}
	EndGlobalSection
EndGlobal
